
Microsoft Visual Studio Solution File, Format Version 12.00
# Visual Studio Version 17
VisualStudioVersion = 17.8.34330.188
MinimumVisualStudioVersion = 10.0.40219.1
Project("{FAE04EC0-301F-11D3-BF4B-00C04F79EFBC}") = "Mjukvaruutvekling-grupp5-project", "Mjukvaruutvekling-grupp5-project\Mjukvaruutvekling-grupp5-project.csproj", "{F933C45B-7B24-467F-978E-FB6488FCB44F}"
EndProject
Global
	GlobalSection(SolutionConfigurationPlatforms) = preSolution
		Debug|Any CPU = Debug|Any CPU
		Release|Any CPU = Release|Any CPU
	EndGlobalSection
	GlobalSection(ProjectConfigurationPlatforms) = postSolution
		{F933C45B-7B24-467F-978E-FB6488FCB44F}.Debug|Any CPU.ActiveCfg = Debug|Any CPU
		{F933C45B-7B24-467F-978E-FB6488FCB44F}.Debug|Any CPU.Build.0 = Debug|Any CPU
		{F933C45B-7B24-467F-978E-FB6488FCB44F}.Release|Any CPU.ActiveCfg = Release|Any CPU
		{F933C45B-7B24-467F-978E-FB6488FCB44F}.Release|Any CPU.Build.0 = Release|Any CPU
	EndGlobalSection
	GlobalSection(SolutionProperties) = preSolution
		HideSolutionNode = FALSE
	EndGlobalSection
	GlobalSection(ExtensibilityGlobals) = postSolution
		SolutionGuid = {53FA4C16-2F48-4DBE-959C-97345C99D62E}
	EndGlobalSection
EndGlobal
